
Microsoft Visual Studio Solution File, Format Version 12.00
# Visual Studio Version 17
VisualStudioVersion = 17.12.35506.116 d17.12
MinimumVisualStudioVersion = 10.0.40219.1
Project("{FAE04EC0-301F-11D3-BF4B-00C04F79EFBC}") = "ThermoWeb", "ThermoWeb.csproj", "{A8293787-915A-4CB3-8D06-0B1BD329B33B}"
EndProject
Global
	GlobalSection(SolutionConfigurationPlatforms) = preSolution
		Debug|Any CPU = Debug|Any CPU
		Release|Any CPU = Release|Any CPU
	EndGlobalSection
	GlobalSection(ProjectConfigurationPlatforms) = postSolution
		{A8293787-915A-4CB3-8D06-0B1BD329B33B}.Debug|Any CPU.ActiveCfg = Debug|Any CPU
		{A8293787-915A-4CB3-8D06-0B1BD329B33B}.Debug|Any CPU.Build.0 = Debug|Any CPU
		{A8293787-915A-4CB3-8D06-0B1BD329B33B}.Release|Any CPU.ActiveCfg = Release|Any CPU
		{A8293787-915A-4CB3-8D06-0B1BD329B33B}.Release|Any CPU.Build.0 = Release|Any CPU
	EndGlobalSection
	GlobalSection(SolutionProperties) = preSolution
		HideSolutionNode = FALSE
	EndGlobalSection
EndGlobal
